---
label: Hero Section
hide_body: true
display_field: title
fields:
- type: text
  name: title
  label: Title
  description: The title of the section.
- name: subtitle
  type: text
  config:
    required: false
  label: subtitle
  hidden: false
- name: profilepic
  type: file
  config:
    maxSize: 250
  label: Profilepic
- type: text
  name: section_id
  label: Element ID
- type: text
  name: component
  label: Component
  hidden: true
  default: HeroBlock
  config:
    required: true
- type: textarea
  name: content
  label: Content
  description: The text content of the section.
  config:
    wysiwyg: true
    schema:
      format: markdown
- type: text
  name: type
  label: Reference Type Name
  description: Name of the Stackbit object model, used by fields of type reference
  hidden: true
  default: heroblock
  config:
    required: true
- name: second_title
  type: text
  config:
    required: false
  label: second title
- name: second_subtitle
  type: text
  config:
    required: false
  label: second subtitle
- name: second_content
  type: textarea
  default: ''
  config:
    required: false
    wysiwyg: true
    schema:
      format: markdown
  label: second content
